github.com/roidaradal/fn v0.5.46 h1:h9fUOJvjVlVp6WG5Fxn7qJK0+sW8A3Go+um9gc6YQC8=
github.com/roidaradal/fn v0.5.46/go.mod h1:Y+2FebaYWVSGHVuUcM294iJZg8huYmJLOo22vfLzF9E=
github.com/roidaradal/fn v0.5.47 h1:dpx8fA2WdQTlvSqp5O7qSdqhmK/VCzHJLqDkRs1qI98=
github.com/roidaradal/fn v0.5.47/go.mod h1:6C/4KgPWH0ifkguY+z0Pz9mzf64wk308H+jAkQhlLfg=
github.com/roidaradal/fn v0.5.48 h1:LAXJl6dUpoj0SHCk1knwsiAZXcbMPkTZZlO7OAYS9Ro=
github.com/roidaradal/fn v0.5.48/go.mod h1:6C/4KgPWH0ifkguY+z0Pz9mzf64wk308H+jAkQhlLfg=
github.com/roidaradal/fn v0.5.49 h1:XeJXYdVxcLEwgJeqixWsfW28ccvswHoH9D+JVjtGKdM=
github.com/roidaradal/fn v0.5.49/go.mod h1:6C/4KgPWH0ifkguY+z0Pz9mzf64wk308H+jAkQhlLfg=
github.com/roidaradal/fn v0.5.50 h1:WgdPbXpEdJ+g4SaPtXq7f3eplmEw3hybTy9wgOZy724=
github.com/roidaradal/fn v0.5.50/go.mod h1:6C/4KgPWH0ifkguY+z0Pz9mzf64wk308H+jAkQhlLfg=
